
Microsoft Visual Studio Solution File, Format Version 12.00
# Visual Studio Version 16
VisualStudioVersion = 16.0.31729.503
MinimumVisualStudioVersion = 10.0.40219.1
Project("{8BC9CEB8-8B4A-11D0-8D11-00A0C91BC942}") = "baek2557", "baek2557\baek2557.vcxproj", "{A0F023BD-7B83-471C-8825-FFE31F3FEC9D}"
EndProject
Project("{8BC9CEB8-8B4A-11D0-8D11-00A0C91BC942}") = "baek10718", "baek20718\baek20718.vcxproj", "{2644BB1E-8D46-44E9-9A6B-E497DAC50A5F}"
EndProject
Project("{8BC9CEB8-8B4A-11D0-8D11-00A0C91BC942}") = "baek10172", "baek10172\baek10172.vcxproj", "{82BB8126-C5FB-421D-A2AB-BED59DBC661B}"
EndProject
Project("{8BC9CEB8-8B4A-11D0-8D11-00A0C91BC942}") = "baek10998", "baek10998\baek10998.vcxproj", "{70FF9385-8DFC-40AE-A006-AF184FB1FB36}"
EndProject
Project("{8BC9CEB8-8B4A-11D0-8D11-00A0C91BC942}") = "baek1008", "beak1008\beak1008.vcxproj", "{912714EB-0F90-4588-B692-9193D10B0D56}"
EndProject
Project("{8BC9CEB8-8B4A-11D0-8D11-00A0C91BC942}") = "baek10869", "baek10869\baek10869.vcxproj", "{F0968223-A83F-400F-B8FA-570DC79711E2}"
EndProject
Project("{8BC9CEB8-8B4A-11D0-8D11-00A0C91BC942}") = "baek10926", "baek10926\baek10926.vcxproj", "{A8D119A7-E7EA-41E4-A688-38C3D89302FE}"
EndProject
Project("{8BC9CEB8-8B4A-11D0-8D11-00A0C91BC942}") = "baek10430", "baek10430\baek10430.vcxproj", "{482A0BE1-4A3B-41A7-B57E-FCF2C3284AB8}"
EndProject
Project("{8BC9CEB8-8B4A-11D0-8D11-00A0C91BC942}") = "baek2588", "baek2588\baek2588.vcxproj", "{19804C01-BCF1-4094-B357-33880BD85EEC}"
EndProject
Project("{8BC9CEB8-8B4A-11D0-8D11-00A0C91BC942}") = "baek25083", "baek25083\baek25083.vcxproj", "{72B0441E-5BC2-4ADA-8112-D230C4BB6F84}"
EndProject
Project("{8BC9CEB8-8B4A-11D0-8D11-00A0C91BC942}") = "baek1330", "baek1330\baek1330.vcxproj", "{2E0CE66D-B166-406C-9AF0-E05581CB030E}"
EndProject
Project("{8BC9CEB8-8B4A-11D0-8D11-00A0C91BC942}") = "baek9498", "baek9498\baek9498.vcxproj", "{2B6FD4E0-26D9-4C23-9FA1-F876531CBF7D}"
EndProject
Project("{8BC9CEB8-8B4A-11D0-8D11-00A0C91BC942}") = "baek2753", "baek2753\baek2753.vcxproj", "{769BFFC1-C764-4153-8A02-87E6475E5703}"
EndProject
Project("{8BC9CEB8-8B4A-11D0-8D11-00A0C91BC942}") = "baek14681", "baek14681\baek14681.vcxproj", "{B2AF67FB-5BB3-4D7F-AF04-714B0471AAE3}"
EndProject
Project("{8BC9CEB8-8B4A-11D0-8D11-00A0C91BC942}") = "baek2884", "baek2884\baek2884.vcxproj", "{DEC5F029-D466-46C9-BB24-4267C3A80E85}"
EndProject
Project("{8BC9CEB8-8B4A-11D0-8D11-00A0C91BC942}") = "baek2525", "baek2525\baek2525.vcxproj", "{A3F0C8BF-8748-4C6B-A44B-FBDEE14C2B49}"
EndProject
Project("{8BC9CEB8-8B4A-11D0-8D11-00A0C91BC942}") = "baek2480", "baek2480\baek2480.vcxproj", "{07F97F2C-366D-4BEE-BF6E-BE9D45BE3EE0}"
EndProject
Project("{8BC9CEB8-8B4A-11D0-8D11-00A0C91BC942}") = "baek2739", "baek2639\baek2639.vcxproj", "{B343B978-D5BA-45D4-B241-A2A2BD837895}"
EndProject
Project("{8BC9CEB8-8B4A-11D0-8D11-00A0C91BC942}") = "baek10950", "baek10950\baek10950.vcxproj", "{6ADD388E-2955-4E07-93B0-A5E3F4F94F37}"
EndProject
Project("{8BC9CEB8-8B4A-11D0-8D11-00A0C91BC942}") = "baek8393", "baek8393\baek8393.vcxproj", "{44C34EC1-8F12-4BF3-AB48-85C02F5C2F4B}"
EndProject
Project("{8BC9CEB8-8B4A-11D0-8D11-00A0C91BC942}") = "baek15552", "baek15552\baek15552.vcxproj", "{B70F9625-6F5E-4F09-8F93-1C313BFB68F0}"
EndProject
Project("{8BC9CEB8-8B4A-11D0-8D11-00A0C91BC942}") = "baek2741", "baek2741\baek2741.vcxproj", "{DA2A2BAA-0E39-4251-998B-02853914B2CA}"
EndProject
Project("{8BC9CEB8-8B4A-11D0-8D11-00A0C91BC942}") = "baek2742", "baek2742\baek2742.vcxproj", "{80C86DA3-2105-41C1-911D-482BC22C2B9C}"
EndProject
Project("{8BC9CEB8-8B4A-11D0-8D11-00A0C91BC942}") = "baek11021", "baek11021\baek11021.vcxproj", "{00F39A37-3893-4E7B-86E0-1A27F4797487}"
EndProject
Project("{8BC9CEB8-8B4A-11D0-8D11-00A0C91BC942}") = "baek11022", "baek11022\baek11022.vcxproj", "{61BEE452-580B-4B7D-B73A-4157B843CCDE}"
EndProject
Project("{8BC9CEB8-8B4A-11D0-8D11-00A0C91BC942}") = "baek2438", "baek2438\baek2438.vcxproj", "{2C813AB6-25EC-4912-A684-F7ADD1AD3F2D}"
EndProject
Project("{8BC9CEB8-8B4A-11D0-8D11-00A0C91BC942}") = "baek2439", "baek2439\baek2439.vcxproj", "{A107E4B5-1D2A-4FC2-9560-217F0E4A1FBB}"
EndProject
Project("{8BC9CEB8-8B4A-11D0-8D11-00A0C91BC942}") = "baek10871", "baek10871\baek10871.vcxproj", "{5B52E309-695E-41C3-91F1-5A0AAD6A12EB}"
EndProject
Project("{8BC9CEB8-8B4A-11D0-8D11-00A0C91BC942}") = "baek10952", "baek10952\baek10952.vcxproj", "{3F660F6A-DF01-41CC-9CF2-7CD40A67437D}"
EndProject
Project("{8BC9CEB8-8B4A-11D0-8D11-00A0C91BC942}") = "baek10951", "baek10951\baek10951.vcxproj", "{EFA0822B-B294-433C-BF98-FBE62BC933DF}"
EndProject
Project("{8BC9CEB8-8B4A-11D0-8D11-00A0C91BC942}") = "baek1110", "baek1110\baek1110.vcxproj", "{E9A45287-258E-48B9-8FC8-CC24FFC918F5}"
EndProject
Project("{8BC9CEB8-8B4A-11D0-8D11-00A0C91BC942}") = "baek10818", "baek10818\baek10818.vcxproj", "{A384EA9B-B3DB-44E4-AFA1-6ECE3849BCEA}"
EndProject
Project("{8BC9CEB8-8B4A-11D0-8D11-00A0C91BC942}") = "baek2562", "baek2562\baek2562.vcxproj", "{37170B0C-93A0-4184-8A9D-EBEB7D2C1278}"
EndProject
Project("{8BC9CEB8-8B4A-11D0-8D11-00A0C91BC942}") = "baek2577", "baek2577\baek2577.vcxproj", "{CD066C4B-B567-431C-BF9B-57827405A405}"
EndProject
Project("{8BC9CEB8-8B4A-11D0-8D11-00A0C91BC942}") = "baek3052", "baek3052\baek3052.vcxproj", "{18B0F69A-3203-40D3-B058-5BB546776F0E}"
EndProject
Project("{8BC9CEB8-8B4A-11D0-8D11-00A0C91BC942}") = "baek1546", "baek1546\baek1546.vcxproj", "{E17F9294-A3AA-4EFC-BB19-1186704157BC}"
EndProject
Project("{8BC9CEB8-8B4A-11D0-8D11-00A0C91BC942}") = "baek8958", "baek8958\baek8958.vcxproj", "{76C5883E-C7E1-4740-8A19-1DF9E43B193B}"
EndProject
Project("{8BC9CEB8-8B4A-11D0-8D11-00A0C91BC942}") = "baek4344", "baek4344\baek4344.vcxproj", "{C5250AC7-9E14-4366-90FA-9DDC16383E4D}"
EndProject
Project("{8BC9CEB8-8B4A-11D0-8D11-00A0C91BC942}") = "baek15596", "baek15596\baek15596.vcxproj", "{06DE933F-EF4B-4674-A776-D03F4C66EDC5}"
EndProject
Project("{8BC9CEB8-8B4A-11D0-8D11-00A0C91BC942}") = "baek4673", "baek4673\baek4673.vcxproj", "{DC01E37E-2029-41BA-83EB-26BCEAB54CC8}"
EndProject
Project("{8BC9CEB8-8B4A-11D0-8D11-00A0C91BC942}") = "baek1065", "baek1065\baek1065.vcxproj", "{E2CA3ADB-B42E-477B-B210-661EA27B9466}"
EndProject
Project("{8BC9CEB8-8B4A-11D0-8D11-00A0C91BC942}") = "baek11654", "baek11654\baek11654.vcxproj", "{CBA185F4-6EAD-441B-8853-3D6B318FEC74}"
EndProject
Project("{8BC9CEB8-8B4A-11D0-8D11-00A0C91BC942}") = "baek11720", "baek11720\baek11720.vcxproj", "{B19BBDDA-0044-4DFD-BDB8-B2CE563DE193}"
EndProject
Project("{8BC9CEB8-8B4A-11D0-8D11-00A0C91BC942}") = "baek10809", "baek10809\baek10809.vcxproj", "{2E719655-2393-4F96-8519-6CC8D316A963}"
EndProject
Project("{8BC9CEB8-8B4A-11D0-8D11-00A0C91BC942}") = "baek2675", "beak2675\beak2675.vcxproj", "{2A6A565D-2C41-44B1-9071-6BA535E33EBC}"
EndProject
Project("{8BC9CEB8-8B4A-11D0-8D11-00A0C91BC942}") = "baek1152", "baek1152\baek1152.vcxproj", "{8137D4A9-A474-4E6E-9F75-6E297B6A14D7}"
EndProject
Project("{8BC9CEB8-8B4A-11D0-8D11-00A0C91BC942}") = "baek1157", "baek1157\baek1157.vcxproj", "{618B474A-98B3-43B2-8D06-4F8B4D3685DC}"
EndProject
Project("{8BC9CEB8-8B4A-11D0-8D11-00A0C91BC942}") = "baek2908", "baek2908\baek2908.vcxproj", "{F045357B-0C85-4543-BC87-E06948D6CE7D}"
EndProject
Project("{8BC9CEB8-8B4A-11D0-8D11-00A0C91BC942}") = "baek5622", "baek5622\baek5622.vcxproj", "{4FAB5374-6C9B-4EA2-B95B-AB03D60F8ED7}"
EndProject
Project("{8BC9CEB8-8B4A-11D0-8D11-00A0C91BC942}") = "baek2941", "baek2941\baek2941.vcxproj", "{1FF2C898-3002-4995-9A01-D18A47DB56BA}"
EndProject
Project("{8BC9CEB8-8B4A-11D0-8D11-00A0C91BC942}") = "baek1316", "baek1316\baek1316.vcxproj", "{6B5B1FAD-1393-4A3E-8A9C-E923E19FE90C}"
EndProject
Project("{8BC9CEB8-8B4A-11D0-8D11-00A0C91BC942}") = "baek1712", "baek1712\baek1712.vcxproj", "{7949155E-64E7-4F18-B8E4-D9E59E7322B0}"
EndProject
Project("{8BC9CEB8-8B4A-11D0-8D11-00A0C91BC942}") = "baek2292", "baek2292\baek2292.vcxproj", "{1D508865-C76C-43F6-8C94-C65DE02AAB60}"
EndProject
Project("{8BC9CEB8-8B4A-11D0-8D11-00A0C91BC942}") = "baek1193", "baek1193\baek1193.vcxproj", "{48D8EF7D-4AA3-47CB-8423-A47FD3DFE155}"
EndProject
Project("{8BC9CEB8-8B4A-11D0-8D11-00A0C91BC942}") = "baek2869", "baek2869\baek2869.vcxproj", "{168BD440-B9A9-430A-AFB9-785A4EBC3CE9}"
EndProject
Project("{8BC9CEB8-8B4A-11D0-8D11-00A0C91BC942}") = "baek10250", "baek10250\baek10250.vcxproj", "{9D1879BD-1362-4399-B986-088F1DA8F585}"
EndProject
Project("{8BC9CEB8-8B4A-11D0-8D11-00A0C91BC942}") = "baek2775", "baek2775\baek2775.vcxproj", "{A54B6EFB-AAA3-4F79-8432-34D300C7EE1C}"
EndProject
Project("{8BC9CEB8-8B4A-11D0-8D11-00A0C91BC942}") = "baek2839", "baek2839\baek2839.vcxproj", "{E2156C26-3FD6-4998-96F8-5FC0B65864D3}"
EndProject
Project("{8BC9CEB8-8B4A-11D0-8D11-00A0C91BC942}") = "baek10757", "baek10757\baek10757.vcxproj", "{33F5FEDF-9B71-4B6A-BD69-89DBC8A3436E}"
EndProject
Project("{8BC9CEB8-8B4A-11D0-8D11-00A0C91BC942}") = "baek3003", "baek3003\baek3003.vcxproj", "{8B4B0BDE-598A-4B58-AB0B-742D3C069258}"
EndProject
Project("{8BC9CEB8-8B4A-11D0-8D11-00A0C91BC942}") = "baek25304", "baek25304\baek25304.vcxproj", "{A074A584-090B-44E0-88EB-778DB44545E2}"
EndProject
Project("{8BC9CEB8-8B4A-11D0-8D11-00A0C91BC942}") = "baek1978", "baek1978\baek1978.vcxproj", "{1EBBB6CE-BB81-42DC-A315-E7E9D9CAA48D}"
EndProject
Project("{8BC9CEB8-8B4A-11D0-8D11-00A0C91BC942}") = "baek2581", "baek2581\baek2581.vcxproj", "{721E1195-6634-4267-AA3E-D17CA7046821}"
EndProject
Project("{8BC9CEB8-8B4A-11D0-8D11-00A0C91BC942}") = "baek11653", "baek11653\baek11653.vcxproj", "{83026FF2-3733-41FB-9A73-6C37D5A86975}"
EndProject
Global
	GlobalSection(SolutionConfigurationPlatforms) = preSolution
		Debug|x64 = Debug|x64
		Debug|x86 = Debug|x86
		Release|x64 = Release|x64
		Release|x86 = Release|x86
	EndGlobalSection
	GlobalSection(ProjectConfigurationPlatforms) = postSolution
		{A0F023BD-7B83-471C-8825-FFE31F3FEC9D}.Debug|x64.ActiveCfg = Debug|x64
		{A0F023BD-7B83-471C-8825-FFE31F3FEC9D}.Debug|x64.Build.0 = Debug|x64
		{A0F023BD-7B83-471C-8825-FFE31F3FEC9D}.Debug|x86.ActiveCfg = Debug|Win32
		{A0F023BD-7B83-471C-8825-FFE31F3FEC9D}.Debug|x86.Build.0 = Debug|Win32
		{A0F023BD-7B83-471C-8825-FFE31F3FEC9D}.Release|x64.ActiveCfg = Release|x64
		{A0F023BD-7B83-471C-8825-FFE31F3FEC9D}.Release|x64.Build.0 = Release|x64
		{A0F023BD-7B83-471C-8825-FFE31F3FEC9D}.Release|x86.ActiveCfg = Release|Win32
		{A0F023BD-7B83-471C-8825-FFE31F3FEC9D}.Release|x86.Build.0 = Release|Win32
		{2644BB1E-8D46-44E9-9A6B-E497DAC50A5F}.Debug|x64.ActiveCfg = Debug|x64
		{2644BB1E-8D46-44E9-9A6B-E497DAC50A5F}.Debug|x64.Build.0 = Debug|x64
		{2644BB1E-8D46-44E9-9A6B-E497DAC50A5F}.Debug|x86.ActiveCfg = Debug|Win32
		{2644BB1E-8D46-44E9-9A6B-E497DAC50A5F}.Debug|x86.Build.0 = Debug|Win32
		{2644BB1E-8D46-44E9-9A6B-E497DAC50A5F}.Release|x64.ActiveCfg = Release|x64
		{2644BB1E-8D46-44E9-9A6B-E497DAC50A5F}.Release|x64.Build.0 = Release|x64
		{2644BB1E-8D46-44E9-9A6B-E497DAC50A5F}.Release|x86.ActiveCfg = Release|Win32
		{2644BB1E-8D46-44E9-9A6B-E497DAC50A5F}.Release|x86.Build.0 = Release|Win32
		{82BB8126-C5FB-421D-A2AB-BED59DBC661B}.Debug|x64.ActiveCfg = Debug|x64
		{82BB8126-C5FB-421D-A2AB-BED59DBC661B}.Debug|x64.Build.0 = Debug|x64
		{82BB8126-C5FB-421D-A2AB-BED59DBC661B}.Debug|x86.ActiveCfg = Debug|Win32
		{82BB8126-C5FB-421D-A2AB-BED59DBC661B}.Debug|x86.Build.0 = Debug|Win32
		{82BB8126-C5FB-421D-A2AB-BED59DBC661B}.Release|x64.ActiveCfg = Release|x64
		{82BB8126-C5FB-421D-A2AB-BED59DBC661B}.Release|x64.Build.0 = Release|x64
		{82BB8126-C5FB-421D-A2AB-BED59DBC661B}.Release|x86.ActiveCfg = Release|Win32
		{82BB8126-C5FB-421D-A2AB-BED59DBC661B}.Release|x86.Build.0 = Release|Win32
		{70FF9385-8DFC-40AE-A006-AF184FB1FB36}.Debug|x64.ActiveCfg = Debug|x64
		{70FF9385-8DFC-40AE-A006-AF184FB1FB36}.Debug|x64.Build.0 = Debug|x64
		{70FF9385-8DFC-40AE-A006-AF184FB1FB36}.Debug|x86.ActiveCfg = Debug|Win32
		{70FF9385-8DFC-40AE-A006-AF184FB1FB36}.Debug|x86.Build.0 = Debug|Win32
		{70FF9385-8DFC-40AE-A006-AF184FB1FB36}.Release|x64.ActiveCfg = Release|x64
		{70FF9385-8DFC-40AE-A006-AF184FB1FB36}.Release|x64.Build.0 = Release|x64
		{70FF9385-8DFC-40AE-A006-AF184FB1FB36}.Release|x86.ActiveCfg = Release|Win32
		{70FF9385-8DFC-40AE-A006-AF184FB1FB36}.Release|x86.Build.0 = Release|Win32
		{912714EB-0F90-4588-B692-9193D10B0D56}.Debug|x64.ActiveCfg = Debug|x64
		{912714EB-0F90-4588-B692-9193D10B0D56}.Debug|x64.Build.0 = Debug|x64
		{912714EB-0F90-4588-B692-9193D10B0D56}.Debug|x86.ActiveCfg = Debug|Win32
		{912714EB-0F90-4588-B692-9193D10B0D56}.Debug|x86.Build.0 = Debug|Win32
		{912714EB-0F90-4588-B692-9193D10B0D56}.Release|x64.ActiveCfg = Release|x64
		{912714EB-0F90-4588-B692-9193D10B0D56}.Release|x64.Build.0 = Release|x64
		{912714EB-0F90-4588-B692-9193D10B0D56}.Release|x86.ActiveCfg = Release|Win32
		{912714EB-0F90-4588-B692-9193D10B0D56}.Release|x86.Build.0 = Release|Win32
		{F0968223-A83F-400F-B8FA-570DC79711E2}.Debug|x64.ActiveCfg = Debug|x64
		{F0968223-A83F-400F-B8FA-570DC79711E2}.Debug|x64.Build.0 = Debug|x64
		{F0968223-A83F-400F-B8FA-570DC79711E2}.Debug|x86.ActiveCfg = Debug|Win32
		{F0968223-A83F-400F-B8FA-570DC79711E2}.Debug|x86.Build.0 = Debug|Win32
		{F0968223-A83F-400F-B8FA-570DC79711E2}.Release|x64.ActiveCfg = Release|x64
		{F0968223-A83F-400F-B8FA-570DC79711E2}.Release|x64.Build.0 = Release|x64
		{F0968223-A83F-400F-B8FA-570DC79711E2}.Release|x86.ActiveCfg = Release|Win32
		{F0968223-A83F-400F-B8FA-570DC79711E2}.Release|x86.Build.0 = Release|Win32
		{A8D119A7-E7EA-41E4-A688-38C3D89302FE}.Debug|x64.ActiveCfg = Debug|x64
		{A8D119A7-E7EA-41E4-A688-38C3D89302FE}.Debug|x64.Build.0 = Debug|x64
		{A8D119A7-E7EA-41E4-A688-38C3D89302FE}.Debug|x86.ActiveCfg = Debug|Win32
		{A8D119A7-E7EA-41E4-A688-38C3D89302FE}.Debug|x86.Build.0 = Debug|Win32
		{A8D119A7-E7EA-41E4-A688-38C3D89302FE}.Release|x64.ActiveCfg = Release|x64
		{A8D119A7-E7EA-41E4-A688-38C3D89302FE}.Release|x64.Build.0 = Release|x64
		{A8D119A7-E7EA-41E4-A688-38C3D89302FE}.Release|x86.ActiveCfg = Release|Win32
		{A8D119A7-E7EA-41E4-A688-38C3D89302FE}.Release|x86.Build.0 = Release|Win32
		{482A0BE1-4A3B-41A7-B57E-FCF2C3284AB8}.Debug|x64.ActiveCfg = Debug|x64
		{482A0BE1-4A3B-41A7-B57E-FCF2C3284AB8}.Debug|x64.Build.0 = Debug|x64
		{482A0BE1-4A3B-41A7-B57E-FCF2C3284AB8}.Debug|x86.ActiveCfg = Debug|Win32
		{482A0BE1-4A3B-41A7-B57E-FCF2C3284AB8}.Debug|x86.Build.0 = Debug|Win32
		{482A0BE1-4A3B-41A7-B57E-FCF2C3284AB8}.Release|x64.ActiveCfg = Release|x64
		{482A0BE1-4A3B-41A7-B57E-FCF2C3284AB8}.Release|x64.Build.0 = Release|x64
		{482A0BE1-4A3B-41A7-B57E-FCF2C3284AB8}.Release|x86.ActiveCfg = Release|Win32
		{482A0BE1-4A3B-41A7-B57E-FCF2C3284AB8}.Release|x86.Build.0 = Release|Win32
		{19804C01-BCF1-4094-B357-33880BD85EEC}.Debug|x64.ActiveCfg = Debug|x64
		{19804C01-BCF1-4094-B357-33880BD85EEC}.Debug|x64.Build.0 = Debug|x64
		{19804C01-BCF1-4094-B357-33880BD85EEC}.Debug|x86.ActiveCfg = Debug|Win32
		{19804C01-BCF1-4094-B357-33880BD85EEC}.Debug|x86.Build.0 = Debug|Win32
		{19804C01-BCF1-4094-B357-33880BD85EEC}.Release|x64.ActiveCfg = Release|x64
		{19804C01-BCF1-4094-B357-33880BD85EEC}.Release|x64.Build.0 = Release|x64
		{19804C01-BCF1-4094-B357-33880BD85EEC}.Release|x86.ActiveCfg = Release|Win32
		{19804C01-BCF1-4094-B357-33880BD85EEC}.Release|x86.Build.0 = Release|Win32
		{72B0441E-5BC2-4ADA-8112-D230C4BB6F84}.Debug|x64.ActiveCfg = Debug|x64
		{72B0441E-5BC2-4ADA-8112-D230C4BB6F84}.Debug|x64.Build.0 = Debug|x64
		{72B0441E-5BC2-4ADA-8112-D230C4BB6F84}.Debug|x86.ActiveCfg = Debug|Win32
		{72B0441E-5BC2-4ADA-8112-D230C4BB6F84}.Debug|x86.Build.0 = Debug|Win32
		{72B0441E-5BC2-4ADA-8112-D230C4BB6F84}.Release|x64.ActiveCfg = Release|x64
		{72B0441E-5BC2-4ADA-8112-D230C4BB6F84}.Release|x64.Build.0 = Release|x64
		{72B0441E-5BC2-4ADA-8112-D230C4BB6F84}.Release|x86.ActiveCfg = Release|Win32
		{72B0441E-5BC2-4ADA-8112-D230C4BB6F84}.Release|x86.Build.0 = Release|Win32
		{2E0CE66D-B166-406C-9AF0-E05581CB030E}.Debug|x64.ActiveCfg = Debug|x64
		{2E0CE66D-B166-406C-9AF0-E05581CB030E}.Debug|x64.Build.0 = Debug|x64
		{2E0CE66D-B166-406C-9AF0-E05581CB030E}.Debug|x86.ActiveCfg = Debug|Win32
		{2E0CE66D-B166-406C-9AF0-E05581CB030E}.Debug|x86.Build.0 = Debug|Win32
		{2E0CE66D-B166-406C-9AF0-E05581CB030E}.Release|x64.ActiveCfg = Release|x64
		{2E0CE66D-B166-406C-9AF0-E05581CB030E}.Release|x64.Build.0 = Release|x64
		{2E0CE66D-B166-406C-9AF0-E05581CB030E}.Release|x86.ActiveCfg = Release|Win32
		{2E0CE66D-B166-406C-9AF0-E05581CB030E}.Release|x86.Build.0 = Release|Win32
		{2B6FD4E0-26D9-4C23-9FA1-F876531CBF7D}.Debug|x64.ActiveCfg = Debug|x64
		{2B6FD4E0-26D9-4C23-9FA1-F876531CBF7D}.Debug|x64.Build.0 = Debug|x64
		{2B6FD4E0-26D9-4C23-9FA1-F876531CBF7D}.Debug|x86.ActiveCfg = Debug|Win32
		{2B6FD4E0-26D9-4C23-9FA1-F876531CBF7D}.Debug|x86.Build.0 = Debug|Win32
		{2B6FD4E0-26D9-4C23-9FA1-F876531CBF7D}.Release|x64.ActiveCfg = Release|x64
		{2B6FD4E0-26D9-4C23-9FA1-F876531CBF7D}.Release|x64.Build.0 = Release|x64
		{2B6FD4E0-26D9-4C23-9FA1-F876531CBF7D}.Release|x86.ActiveCfg = Release|Win32
		{2B6FD4E0-26D9-4C23-9FA1-F876531CBF7D}.Release|x86.Build.0 = Release|Win32
		{769BFFC1-C764-4153-8A02-87E6475E5703}.Debug|x64.ActiveCfg = Debug|x64
		{769BFFC1-C764-4153-8A02-87E6475E5703}.Debug|x64.Build.0 = Debug|x64
		{769BFFC1-C764-4153-8A02-87E6475E5703}.Debug|x86.ActiveCfg = Debug|Win32
		{769BFFC1-C764-4153-8A02-87E6475E5703}.Debug|x86.Build.0 = Debug|Win32
		{769BFFC1-C764-4153-8A02-87E6475E5703}.Release|x64.ActiveCfg = Release|x64
		{769BFFC1-C764-4153-8A02-87E6475E5703}.Release|x64.Build.0 = Release|x64
		{769BFFC1-C764-4153-8A02-87E6475E5703}.Release|x86.ActiveCfg = Release|Win32
		{769BFFC1-C764-4153-8A02-87E6475E5703}.Release|x86.Build.0 = Release|Win32
		{B2AF67FB-5BB3-4D7F-AF04-714B0471AAE3}.Debug|x64.ActiveCfg = Debug|x64
		{B2AF67FB-5BB3-4D7F-AF04-714B0471AAE3}.Debug|x64.Build.0 = Debug|x64
		{B2AF67FB-5BB3-4D7F-AF04-714B0471AAE3}.Debug|x86.ActiveCfg = Debug|Win32
		{B2AF67FB-5BB3-4D7F-AF04-714B0471AAE3}.Debug|x86.Build.0 = Debug|Win32
		{B2AF67FB-5BB3-4D7F-AF04-714B0471AAE3}.Release|x64.ActiveCfg = Release|x64
		{B2AF67FB-5BB3-4D7F-AF04-714B0471AAE3}.Release|x64.Build.0 = Release|x64
		{B2AF67FB-5BB3-4D7F-AF04-714B0471AAE3}.Release|x86.ActiveCfg = Release|Win32
		{B2AF67FB-5BB3-4D7F-AF04-714B0471AAE3}.Release|x86.Build.0 = Release|Win32
		{DEC5F029-D466-46C9-BB24-4267C3A80E85}.Debug|x64.ActiveCfg = Debug|x64
		{DEC5F029-D466-46C9-BB24-4267C3A80E85}.Debug|x64.Build.0 = Debug|x64
		{DEC5F029-D466-46C9-BB24-4267C3A80E85}.Debug|x86.ActiveCfg = Debug|Win32
		{DEC5F029-D466-46C9-BB24-4267C3A80E85}.Debug|x86.Build.0 = Debug|Win32
		{DEC5F029-D466-46C9-BB24-4267C3A80E85}.Release|x64.ActiveCfg = Release|x64
		{DEC5F029-D466-46C9-BB24-4267C3A80E85}.Release|x64.Build.0 = Release|x64
		{DEC5F029-D466-46C9-BB24-4267C3A80E85}.Release|x86.ActiveCfg = Release|Win32
		{DEC5F029-D466-46C9-BB24-4267C3A80E85}.Release|x86.Build.0 = Release|Win32
		{A3F0C8BF-8748-4C6B-A44B-FBDEE14C2B49}.Debug|x64.ActiveCfg = Debug|x64
		{A3F0C8BF-8748-4C6B-A44B-FBDEE14C2B49}.Debug|x64.Build.0 = Debug|x64
		{A3F0C8BF-8748-4C6B-A44B-FBDEE14C2B49}.Debug|x86.ActiveCfg = Debug|Win32
		{A3F0C8BF-8748-4C6B-A44B-FBDEE14C2B49}.Debug|x86.Build.0 = Debug|Win32
		{A3F0C8BF-8748-4C6B-A44B-FBDEE14C2B49}.Release|x64.ActiveCfg = Release|x64
		{A3F0C8BF-8748-4C6B-A44B-FBDEE14C2B49}.Release|x64.Build.0 = Release|x64
		{A3F0C8BF-8748-4C6B-A44B-FBDEE14C2B49}.Release|x86.ActiveCfg = Release|Win32
		{A3F0C8BF-8748-4C6B-A44B-FBDEE14C2B49}.Release|x86.Build.0 = Release|Win32
		{07F97F2C-366D-4BEE-BF6E-BE9D45BE3EE0}.Debug|x64.ActiveCfg = Debug|x64
		{07F97F2C-366D-4BEE-BF6E-BE9D45BE3EE0}.Debug|x64.Build.0 = Debug|x64
		{07F97F2C-366D-4BEE-BF6E-BE9D45BE3EE0}.Debug|x86.ActiveCfg = Debug|Win32
		{07F97F2C-366D-4BEE-BF6E-BE9D45BE3EE0}.Debug|x86.Build.0 = Debug|Win32
		{07F97F2C-366D-4BEE-BF6E-BE9D45BE3EE0}.Release|x64.ActiveCfg = Release|x64
		{07F97F2C-366D-4BEE-BF6E-BE9D45BE3EE0}.Release|x64.Build.0 = Release|x64
		{07F97F2C-366D-4BEE-BF6E-BE9D45BE3EE0}.Release|x86.ActiveCfg = Release|Win32
		{07F97F2C-366D-4BEE-BF6E-BE9D45BE3EE0}.Release|x86.Build.0 = Release|Win32
		{B343B978-D5BA-45D4-B241-A2A2BD837895}.Debug|x64.ActiveCfg = Debug|x64
		{B343B978-D5BA-45D4-B241-A2A2BD837895}.Debug|x64.Build.0 = Debug|x64
		{B343B978-D5BA-45D4-B241-A2A2BD837895}.Debug|x86.ActiveCfg = Debug|Win32
		{B343B978-D5BA-45D4-B241-A2A2BD837895}.Debug|x86.Build.0 = Debug|Win32
		{B343B978-D5BA-45D4-B241-A2A2BD837895}.Release|x64.ActiveCfg = Release|x64
		{B343B978-D5BA-45D4-B241-A2A2BD837895}.Release|x64.Build.0 = Release|x64
		{B343B978-D5BA-45D4-B241-A2A2BD837895}.Release|x86.ActiveCfg = Release|Win32
		{B343B978-D5BA-45D4-B241-A2A2BD837895}.Release|x86.Build.0 = Release|Win32
		{6ADD388E-2955-4E07-93B0-A5E3F4F94F37}.Debug|x64.ActiveCfg = Debug|x64
		{6ADD388E-2955-4E07-93B0-A5E3F4F94F37}.Debug|x64.Build.0 = Debug|x64
		{6ADD388E-2955-4E07-93B0-A5E3F4F94F37}.Debug|x86.ActiveCfg = Debug|Win32
		{6ADD388E-2955-4E07-93B0-A5E3F4F94F37}.Debug|x86.Build.0 = Debug|Win32
		{6ADD388E-2955-4E07-93B0-A5E3F4F94F37}.Release|x64.ActiveCfg = Release|x64
		{6ADD388E-2955-4E07-93B0-A5E3F4F94F37}.Release|x64.Build.0 = Release|x64
		{6ADD388E-2955-4E07-93B0-A5E3F4F94F37}.Release|x86.ActiveCfg = Release|Win32
		{6ADD388E-2955-4E07-93B0-A5E3F4F94F37}.Release|x86.Build.0 = Release|Win32
		{44C34EC1-8F12-4BF3-AB48-85C02F5C2F4B}.Debug|x64.ActiveCfg = Debug|x64
		{44C34EC1-8F12-4BF3-AB48-85C02F5C2F4B}.Debug|x64.Build.0 = Debug|x64
		{44C34EC1-8F12-4BF3-AB48-85C02F5C2F4B}.Debug|x86.ActiveCfg = Debug|Win32
		{44C34EC1-8F12-4BF3-AB48-85C02F5C2F4B}.Debug|x86.Build.0 = Debug|Win32
		{44C34EC1-8F12-4BF3-AB48-85C02F5C2F4B}.Release|x64.ActiveCfg = Release|x64
		{44C34EC1-8F12-4BF3-AB48-85C02F5C2F4B}.Release|x64.Build.0 = Release|x64
		{44C34EC1-8F12-4BF3-AB48-85C02F5C2F4B}.Release|x86.ActiveCfg = Release|Win32
		{44C34EC1-8F12-4BF3-AB48-85C02F5C2F4B}.Release|x86.Build.0 = Release|Win32
		{B70F9625-6F5E-4F09-8F93-1C313BFB68F0}.Debug|x64.ActiveCfg = Debug|x64
		{B70F9625-6F5E-4F09-8F93-1C313BFB68F0}.Debug|x64.Build.0 = Debug|x64
		{B70F9625-6F5E-4F09-8F93-1C313BFB68F0}.Debug|x86.ActiveCfg = Debug|Win32
		{B70F9625-6F5E-4F09-8F93-1C313BFB68F0}.Debug|x86.Build.0 = Debug|Win32
		{B70F9625-6F5E-4F09-8F93-1C313BFB68F0}.Release|x64.ActiveCfg = Release|x64
		{B70F9625-6F5E-4F09-8F93-1C313BFB68F0}.Release|x64.Build.0 = Release|x64
		{B70F9625-6F5E-4F09-8F93-1C313BFB68F0}.Release|x86.ActiveCfg = Release|Win32
		{B70F9625-6F5E-4F09-8F93-1C313BFB68F0}.Release|x86.Build.0 = Release|Win32
		{DA2A2BAA-0E39-4251-998B-02853914B2CA}.Debug|x64.ActiveCfg = Debug|x64
		{DA2A2BAA-0E39-4251-998B-02853914B2CA}.Debug|x64.Build.0 = Debug|x64
		{DA2A2BAA-0E39-4251-998B-02853914B2CA}.Debug|x86.ActiveCfg = Debug|Win32
		{DA2A2BAA-0E39-4251-998B-02853914B2CA}.Debug|x86.Build.0 = Debug|Win32
		{DA2A2BAA-0E39-4251-998B-02853914B2CA}.Release|x64.ActiveCfg = Release|x64
		{DA2A2BAA-0E39-4251-998B-02853914B2CA}.Release|x64.Build.0 = Release|x64
		{DA2A2BAA-0E39-4251-998B-02853914B2CA}.Release|x86.ActiveCfg = Release|Win32
		{DA2A2BAA-0E39-4251-998B-02853914B2CA}.Release|x86.Build.0 = Release|Win32
		{80C86DA3-2105-41C1-911D-482BC22C2B9C}.Debug|x64.ActiveCfg = Debug|x64
		{80C86DA3-2105-41C1-911D-482BC22C2B9C}.Debug|x64.Build.0 = Debug|x64
		{80C86DA3-2105-41C1-911D-482BC22C2B9C}.Debug|x86.ActiveCfg = Debug|Win32
		{80C86DA3-2105-41C1-911D-482BC22C2B9C}.Debug|x86.Build.0 = Debug|Win32
		{80C86DA3-2105-41C1-911D-482BC22C2B9C}.Release|x64.ActiveCfg = Release|x64
		{80C86DA3-2105-41C1-911D-482BC22C2B9C}.Release|x64.Build.0 = Release|x64
		{80C86DA3-2105-41C1-911D-482BC22C2B9C}.Release|x86.ActiveCfg = Release|Win32
		{80C86DA3-2105-41C1-911D-482BC22C2B9C}.Release|x86.Build.0 = Release|Win32
		{00F39A37-3893-4E7B-86E0-1A27F4797487}.Debug|x64.ActiveCfg = Debug|x64
		{00F39A37-3893-4E7B-86E0-1A27F4797487}.Debug|x64.Build.0 = Debug|x64
		{00F39A37-3893-4E7B-86E0-1A27F4797487}.Debug|x86.ActiveCfg = Debug|Win32
		{00F39A37-3893-4E7B-86E0-1A27F4797487}.Debug|x86.Build.0 = Debug|Win32
		{00F39A37-3893-4E7B-86E0-1A27F4797487}.Release|x64.ActiveCfg = Release|x64
		{00F39A37-3893-4E7B-86E0-1A27F4797487}.Release|x64.Build.0 = Release|x64
		{00F39A37-3893-4E7B-86E0-1A27F4797487}.Release|x86.ActiveCfg = Release|Win32
		{00F39A37-3893-4E7B-86E0-1A27F4797487}.Release|x86.Build.0 = Release|Win32
		{61BEE452-580B-4B7D-B73A-4157B843CCDE}.Debug|x64.ActiveCfg = Debug|x64
		{61BEE452-580B-4B7D-B73A-4157B843CCDE}.Debug|x64.Build.0 = Debug|x64
		{61BEE452-580B-4B7D-B73A-4157B843CCDE}.Debug|x86.ActiveCfg = Debug|Win32
		{61BEE452-580B-4B7D-B73A-4157B843CCDE}.Debug|x86.Build.0 = Debug|Win32
		{61BEE452-580B-4B7D-B73A-4157B843CCDE}.Release|x64.ActiveCfg = Release|x64
		{61BEE452-580B-4B7D-B73A-4157B843CCDE}.Release|x64.Build.0 = Release|x64
		{61BEE452-580B-4B7D-B73A-4157B843CCDE}.Release|x86.ActiveCfg = Release|Win32
		{61BEE452-580B-4B7D-B73A-4157B843CCDE}.Release|x86.Build.0 = Release|Win32
		{2C813AB6-25EC-4912-A684-F7ADD1AD3F2D}.Debug|x64.ActiveCfg = Debug|x64
		{2C813AB6-25EC-4912-A684-F7ADD1AD3F2D}.Debug|x64.Build.0 = Debug|x64
		{2C813AB6-25EC-4912-A684-F7ADD1AD3F2D}.Debug|x86.ActiveCfg = Debug|Win32
		{2C813AB6-25EC-4912-A684-F7ADD1AD3F2D}.Debug|x86.Build.0 = Debug|Win32
		{2C813AB6-25EC-4912-A684-F7ADD1AD3F2D}.Release|x64.ActiveCfg = Release|x64
		{2C813AB6-25EC-4912-A684-F7ADD1AD3F2D}.Release|x64.Build.0 = Release|x64
		{2C813AB6-25EC-4912-A684-F7ADD1AD3F2D}.Release|x86.ActiveCfg = Release|Win32
		{2C813AB6-25EC-4912-A684-F7ADD1AD3F2D}.Release|x86.Build.0 = Release|Win32
		{A107E4B5-1D2A-4FC2-9560-217F0E4A1FBB}.Debug|x64.ActiveCfg = Debug|x64
		{A107E4B5-1D2A-4FC2-9560-217F0E4A1FBB}.Debug|x64.Build.0 = Debug|x64
		{A107E4B5-1D2A-4FC2-9560-217F0E4A1FBB}.Debug|x86.ActiveCfg = Debug|Win32
		{A107E4B5-1D2A-4FC2-9560-217F0E4A1FBB}.Debug|x86.Build.0 = Debug|Win32
		{A107E4B5-1D2A-4FC2-9560-217F0E4A1FBB}.Release|x64.ActiveCfg = Release|x64
		{A107E4B5-1D2A-4FC2-9560-217F0E4A1FBB}.Release|x64.Build.0 = Release|x64
		{A107E4B5-1D2A-4FC2-9560-217F0E4A1FBB}.Release|x86.ActiveCfg = Release|Win32
		{A107E4B5-1D2A-4FC2-9560-217F0E4A1FBB}.Release|x86.Build.0 = Release|Win32
		{5B52E309-695E-41C3-91F1-5A0AAD6A12EB}.Debug|x64.ActiveCfg = Debug|x64
		{5B52E309-695E-41C3-91F1-5A0AAD6A12EB}.Debug|x64.Build.0 = Debug|x64
		{5B52E309-695E-41C3-91F1-5A0AAD6A12EB}.Debug|x86.ActiveCfg = Debug|Win32
		{5B52E309-695E-41C3-91F1-5A0AAD6A12EB}.Debug|x86.Build.0 = Debug|Win32
		{5B52E309-695E-41C3-91F1-5A0AAD6A12EB}.Release|x64.ActiveCfg = Release|x64
		{5B52E309-695E-41C3-91F1-5A0AAD6A12EB}.Release|x64.Build.0 = Release|x64
		{5B52E309-695E-41C3-91F1-5A0AAD6A12EB}.Release|x86.ActiveCfg = Release|Win32
		{5B52E309-695E-41C3-91F1-5A0AAD6A12EB}.Release|x86.Build.0 = Release|Win32
		{3F660F6A-DF01-41CC-9CF2-7CD40A67437D}.Debug|x64.ActiveCfg = Debug|x64
		{3F660F6A-DF01-41CC-9CF2-7CD40A67437D}.Debug|x64.Build.0 = Debug|x64
		{3F660F6A-DF01-41CC-9CF2-7CD40A67437D}.Debug|x86.ActiveCfg = Debug|Win32
		{3F660F6A-DF01-41CC-9CF2-7CD40A67437D}.Debug|x86.Build.0 = Debug|Win32
		{3F660F6A-DF01-41CC-9CF2-7CD40A67437D}.Release|x64.ActiveCfg = Release|x64
		{3F660F6A-DF01-41CC-9CF2-7CD40A67437D}.Release|x64.Build.0 = Release|x64
		{3F660F6A-DF01-41CC-9CF2-7CD40A67437D}.Release|x86.ActiveCfg = Release|Win32
		{3F660F6A-DF01-41CC-9CF2-7CD40A67437D}.Release|x86.Build.0 = Release|Win32
		{EFA0822B-B294-433C-BF98-FBE62BC933DF}.Debug|x64.ActiveCfg = Debug|x64
		{EFA0822B-B294-433C-BF98-FBE62BC933DF}.Debug|x64.Build.0 = Debug|x64
		{EFA0822B-B294-433C-BF98-FBE62BC933DF}.Debug|x86.ActiveCfg = Debug|Win32
		{EFA0822B-B294-433C-BF98-FBE62BC933DF}.Debug|x86.Build.0 = Debug|Win32
		{EFA0822B-B294-433C-BF98-FBE62BC933DF}.Release|x64.ActiveCfg = Release|x64
		{EFA0822B-B294-433C-BF98-FBE62BC933DF}.Release|x64.Build.0 = Release|x64
		{EFA0822B-B294-433C-BF98-FBE62BC933DF}.Release|x86.ActiveCfg = Release|Win32
		{EFA0822B-B294-433C-BF98-FBE62BC933DF}.Release|x86.Build.0 = Release|Win32
		{E9A45287-258E-48B9-8FC8-CC24FFC918F5}.Debug|x64.ActiveCfg = Debug|x64
		{E9A45287-258E-48B9-8FC8-CC24FFC918F5}.Debug|x64.Build.0 = Debug|x64
		{E9A45287-258E-48B9-8FC8-CC24FFC918F5}.Debug|x86.ActiveCfg = Debug|Win32
		{E9A45287-258E-48B9-8FC8-CC24FFC918F5}.Debug|x86.Build.0 = Debug|Win32
		{E9A45287-258E-48B9-8FC8-CC24FFC918F5}.Release|x64.ActiveCfg = Release|x64
		{E9A45287-258E-48B9-8FC8-CC24FFC918F5}.Release|x64.Build.0 = Release|x64
		{E9A45287-258E-48B9-8FC8-CC24FFC918F5}.Release|x86.ActiveCfg = Release|Win32
		{E9A45287-258E-48B9-8FC8-CC24FFC918F5}.Release|x86.Build.0 = Release|Win32
		{A384EA9B-B3DB-44E4-AFA1-6ECE3849BCEA}.Debug|x64.ActiveCfg = Debug|x64
		{A384EA9B-B3DB-44E4-AFA1-6ECE3849BCEA}.Debug|x64.Build.0 = Debug|x64
		{A384EA9B-B3DB-44E4-AFA1-6ECE3849BCEA}.Debug|x86.ActiveCfg = Debug|Win32
		{A384EA9B-B3DB-44E4-AFA1-6ECE3849BCEA}.Debug|x86.Build.0 = Debug|Win32
		{A384EA9B-B3DB-44E4-AFA1-6ECE3849BCEA}.Release|x64.ActiveCfg = Release|x64
		{A384EA9B-B3DB-44E4-AFA1-6ECE3849BCEA}.Release|x64.Build.0 = Release|x64
		{A384EA9B-B3DB-44E4-AFA1-6ECE3849BCEA}.Release|x86.ActiveCfg = Release|Win32
		{A384EA9B-B3DB-44E4-AFA1-6ECE3849BCEA}.Release|x86.Build.0 = Release|Win32
		{37170B0C-93A0-4184-8A9D-EBEB7D2C1278}.Debug|x64.ActiveCfg = Debug|x64
		{37170B0C-93A0-4184-8A9D-EBEB7D2C1278}.Debug|x64.Build.0 = Debug|x64
		{37170B0C-93A0-4184-8A9D-EBEB7D2C1278}.Debug|x86.ActiveCfg = Debug|Win32
		{37170B0C-93A0-4184-8A9D-EBEB7D2C1278}.Debug|x86.Build.0 = Debug|Win32
		{37170B0C-93A0-4184-8A9D-EBEB7D2C1278}.Release|x64.ActiveCfg = Release|x64
		{37170B0C-93A0-4184-8A9D-EBEB7D2C1278}.Release|x64.Build.0 = Release|x64
		{37170B0C-93A0-4184-8A9D-EBEB7D2C1278}.Release|x86.ActiveCfg = Release|Win32
		{37170B0C-93A0-4184-8A9D-EBEB7D2C1278}.Release|x86.Build.0 = Release|Win32
		{CD066C4B-B567-431C-BF9B-57827405A405}.Debug|x64.ActiveCfg = Debug|x64
		{CD066C4B-B567-431C-BF9B-57827405A405}.Debug|x64.Build.0 = Debug|x64
		{CD066C4B-B567-431C-BF9B-57827405A405}.Debug|x86.ActiveCfg = Debug|Win32
		{CD066C4B-B567-431C-BF9B-57827405A405}.Debug|x86.Build.0 = Debug|Win32
		{CD066C4B-B567-431C-BF9B-57827405A405}.Release|x64.ActiveCfg = Release|x64
		{CD066C4B-B567-431C-BF9B-57827405A405}.Release|x64.Build.0 = Release|x64
		{CD066C4B-B567-431C-BF9B-57827405A405}.Release|x86.ActiveCfg = Release|Win32
		{CD066C4B-B567-431C-BF9B-57827405A405}.Release|x86.Build.0 = Release|Win32
		{18B0F69A-3203-40D3-B058-5BB546776F0E}.Debug|x64.ActiveCfg = Debug|x64
		{18B0F69A-3203-40D3-B058-5BB546776F0E}.Debug|x64.Build.0 = Debug|x64
		{18B0F69A-3203-40D3-B058-5BB546776F0E}.Debug|x86.ActiveCfg = Debug|Win32
		{18B0F69A-3203-40D3-B058-5BB546776F0E}.Debug|x86.Build.0 = Debug|Win32
		{18B0F69A-3203-40D3-B058-5BB546776F0E}.Release|x64.ActiveCfg = Release|x64
		{18B0F69A-3203-40D3-B058-5BB546776F0E}.Release|x64.Build.0 = Release|x64
		{18B0F69A-3203-40D3-B058-5BB546776F0E}.Release|x86.ActiveCfg = Release|Win32
		{18B0F69A-3203-40D3-B058-5BB546776F0E}.Release|x86.Build.0 = Release|Win32
		{E17F9294-A3AA-4EFC-BB19-1186704157BC}.Debug|x64.ActiveCfg = Debug|x64
		{E17F9294-A3AA-4EFC-BB19-1186704157BC}.Debug|x64.Build.0 = Debug|x64
		{E17F9294-A3AA-4EFC-BB19-1186704157BC}.Debug|x86.ActiveCfg = Debug|Win32
		{E17F9294-A3AA-4EFC-BB19-1186704157BC}.Debug|x86.Build.0 = Debug|Win32
		{E17F9294-A3AA-4EFC-BB19-1186704157BC}.Release|x64.ActiveCfg = Release|x64
		{E17F9294-A3AA-4EFC-BB19-1186704157BC}.Release|x64.Build.0 = Release|x64
		{E17F9294-A3AA-4EFC-BB19-1186704157BC}.Release|x86.ActiveCfg = Release|Win32
		{E17F9294-A3AA-4EFC-BB19-1186704157BC}.Release|x86.Build.0 = Release|Win32
		{76C5883E-C7E1-4740-8A19-1DF9E43B193B}.Debug|x64.ActiveCfg = Debug|x64
		{76C5883E-C7E1-4740-8A19-1DF9E43B193B}.Debug|x64.Build.0 = Debug|x64
		{76C5883E-C7E1-4740-8A19-1DF9E43B193B}.Debug|x86.ActiveCfg = Debug|Win32
		{76C5883E-C7E1-4740-8A19-1DF9E43B193B}.Debug|x86.Build.0 = Debug|Win32
		{76C5883E-C7E1-4740-8A19-1DF9E43B193B}.Release|x64.ActiveCfg = Release|x64
		{76C5883E-C7E1-4740-8A19-1DF9E43B193B}.Release|x64.Build.0 = Release|x64
		{76C5883E-C7E1-4740-8A19-1DF9E43B193B}.Release|x86.ActiveCfg = Release|Win32
		{76C5883E-C7E1-4740-8A19-1DF9E43B193B}.Release|x86.Build.0 = Release|Win32
		{C5250AC7-9E14-4366-90FA-9DDC16383E4D}.Debug|x64.ActiveCfg = Debug|x64
		{C5250AC7-9E14-4366-90FA-9DDC16383E4D}.Debug|x64.Build.0 = Debug|x64
		{C5250AC7-9E14-4366-90FA-9DDC16383E4D}.Debug|x86.ActiveCfg = Debug|Win32
		{C5250AC7-9E14-4366-90FA-9DDC16383E4D}.Debug|x86.Build.0 = Debug|Win32
		{C5250AC7-9E14-4366-90FA-9DDC16383E4D}.Release|x64.ActiveCfg = Release|x64
		{C5250AC7-9E14-4366-90FA-9DDC16383E4D}.Release|x64.Build.0 = Release|x64
		{C5250AC7-9E14-4366-90FA-9DDC16383E4D}.Release|x86.ActiveCfg = Release|Win32
		{C5250AC7-9E14-4366-90FA-9DDC16383E4D}.Release|x86.Build.0 = Release|Win32
		{06DE933F-EF4B-4674-A776-D03F4C66EDC5}.Debug|x64.ActiveCfg = Debug|x64
		{06DE933F-EF4B-4674-A776-D03F4C66EDC5}.Debug|x64.Build.0 = Debug|x64
		{06DE933F-EF4B-4674-A776-D03F4C66EDC5}.Debug|x86.ActiveCfg = Debug|Win32
		{06DE933F-EF4B-4674-A776-D03F4C66EDC5}.Debug|x86.Build.0 = Debug|Win32
		{06DE933F-EF4B-4674-A776-D03F4C66EDC5}.Release|x64.ActiveCfg = Release|x64
		{06DE933F-EF4B-4674-A776-D03F4C66EDC5}.Release|x64.Build.0 = Release|x64
		{06DE933F-EF4B-4674-A776-D03F4C66EDC5}.Release|x86.ActiveCfg = Release|Win32
		{06DE933F-EF4B-4674-A776-D03F4C66EDC5}.Release|x86.Build.0 = Release|Win32
		{DC01E37E-2029-41BA-83EB-26BCEAB54CC8}.Debug|x64.ActiveCfg = Debug|x64
		{DC01E37E-2029-41BA-83EB-26BCEAB54CC8}.Debug|x64.Build.0 = Debug|x64
		{DC01E37E-2029-41BA-83EB-26BCEAB54CC8}.Debug|x86.ActiveCfg = Debug|Win32
		{DC01E37E-2029-41BA-83EB-26BCEAB54CC8}.Debug|x86.Build.0 = Debug|Win32
		{DC01E37E-2029-41BA-83EB-26BCEAB54CC8}.Release|x64.ActiveCfg = Release|x64
		{DC01E37E-2029-41BA-83EB-26BCEAB54CC8}.Release|x64.Build.0 = Release|x64
		{DC01E37E-2029-41BA-83EB-26BCEAB54CC8}.Release|x86.ActiveCfg = Release|Win32
		{DC01E37E-2029-41BA-83EB-26BCEAB54CC8}.Release|x86.Build.0 = Release|Win32
		{E2CA3ADB-B42E-477B-B210-661EA27B9466}.Debug|x64.ActiveCfg = Debug|x64
		{E2CA3ADB-B42E-477B-B210-661EA27B9466}.Debug|x64.Build.0 = Debug|x64
		{E2CA3ADB-B42E-477B-B210-661EA27B9466}.Debug|x86.ActiveCfg = Debug|Win32
		{E2CA3ADB-B42E-477B-B210-661EA27B9466}.Debug|x86.Build.0 = Debug|Win32
		{E2CA3ADB-B42E-477B-B210-661EA27B9466}.Release|x64.ActiveCfg = Release|x64
		{E2CA3ADB-B42E-477B-B210-661EA27B9466}.Release|x64.Build.0 = Release|x64
		{E2CA3ADB-B42E-477B-B210-661EA27B9466}.Release|x86.ActiveCfg = Release|Win32
		{E2CA3ADB-B42E-477B-B210-661EA27B9466}.Release|x86.Build.0 = Release|Win32
		{CBA185F4-6EAD-441B-8853-3D6B318FEC74}.Debug|x64.ActiveCfg = Debug|x64
		{CBA185F4-6EAD-441B-8853-3D6B318FEC74}.Debug|x64.Build.0 = Debug|x64
		{CBA185F4-6EAD-441B-8853-3D6B318FEC74}.Debug|x86.ActiveCfg = Debug|Win32
		{CBA185F4-6EAD-441B-8853-3D6B318FEC74}.Debug|x86.Build.0 = Debug|Win32
		{CBA185F4-6EAD-441B-8853-3D6B318FEC74}.Release|x64.ActiveCfg = Release|x64
		{CBA185F4-6EAD-441B-8853-3D6B318FEC74}.Release|x64.Build.0 = Release|x64
		{CBA185F4-6EAD-441B-8853-3D6B318FEC74}.Release|x86.ActiveCfg = Release|Win32
		{CBA185F4-6EAD-441B-8853-3D6B318FEC74}.Release|x86.Build.0 = Release|Win32
		{B19BBDDA-0044-4DFD-BDB8-B2CE563DE193}.Debug|x64.ActiveCfg = Debug|x64
		{B19BBDDA-0044-4DFD-BDB8-B2CE563DE193}.Debug|x64.Build.0 = Debug|x64
		{B19BBDDA-0044-4DFD-BDB8-B2CE563DE193}.Debug|x86.ActiveCfg = Debug|Win32
		{B19BBDDA-0044-4DFD-BDB8-B2CE563DE193}.Debug|x86.Build.0 = Debug|Win32
		{B19BBDDA-0044-4DFD-BDB8-B2CE563DE193}.Release|x64.ActiveCfg = Release|x64
		{B19BBDDA-0044-4DFD-BDB8-B2CE563DE193}.Release|x64.Build.0 = Release|x64
		{B19BBDDA-0044-4DFD-BDB8-B2CE563DE193}.Release|x86.ActiveCfg = Release|Win32
		{B19BBDDA-0044-4DFD-BDB8-B2CE563DE193}.Release|x86.Build.0 = Release|Win32
		{2E719655-2393-4F96-8519-6CC8D316A963}.Debug|x64.ActiveCfg = Debug|x64
		{2E719655-2393-4F96-8519-6CC8D316A963}.Debug|x64.Build.0 = Debug|x64
		{2E719655-2393-4F96-8519-6CC8D316A963}.Debug|x86.ActiveCfg = Debug|Win32
		{2E719655-2393-4F96-8519-6CC8D316A963}.Debug|x86.Build.0 = Debug|Win32
		{2E719655-2393-4F96-8519-6CC8D316A963}.Release|x64.ActiveCfg = Release|x64
		{2E719655-2393-4F96-8519-6CC8D316A963}.Release|x64.Build.0 = Release|x64
		{2E719655-2393-4F96-8519-6CC8D316A963}.Release|x86.ActiveCfg = Release|Win32
		{2E719655-2393-4F96-8519-6CC8D316A963}.Release|x86.Build.0 = Release|Win32
		{2A6A565D-2C41-44B1-9071-6BA535E33EBC}.Debug|x64.ActiveCfg = Debug|x64
		{2A6A565D-2C41-44B1-9071-6BA535E33EBC}.Debug|x64.Build.0 = Debug|x64
		{2A6A565D-2C41-44B1-9071-6BA535E33EBC}.Debug|x86.ActiveCfg = Debug|Win32
		{2A6A565D-2C41-44B1-9071-6BA535E33EBC}.Debug|x86.Build.0 = Debug|Win32
		{2A6A565D-2C41-44B1-9071-6BA535E33EBC}.Release|x64.ActiveCfg = Release|x64
		{2A6A565D-2C41-44B1-9071-6BA535E33EBC}.Release|x64.Build.0 = Release|x64
		{2A6A565D-2C41-44B1-9071-6BA535E33EBC}.Release|x86.ActiveCfg = Release|Win32
		{2A6A565D-2C41-44B1-9071-6BA535E33EBC}.Release|x86.Build.0 = Release|Win32
		{8137D4A9-A474-4E6E-9F75-6E297B6A14D7}.Debug|x64.ActiveCfg = Debug|x64
		{8137D4A9-A474-4E6E-9F75-6E297B6A14D7}.Debug|x64.Build.0 = Debug|x64
		{8137D4A9-A474-4E6E-9F75-6E297B6A14D7}.Debug|x86.ActiveCfg = Debug|Win32
		{8137D4A9-A474-4E6E-9F75-6E297B6A14D7}.Debug|x86.Build.0 = Debug|Win32
		{8137D4A9-A474-4E6E-9F75-6E297B6A14D7}.Release|x64.ActiveCfg = Release|x64
		{8137D4A9-A474-4E6E-9F75-6E297B6A14D7}.Release|x64.Build.0 = Release|x64
		{8137D4A9-A474-4E6E-9F75-6E297B6A14D7}.Release|x86.ActiveCfg = Release|Win32
		{8137D4A9-A474-4E6E-9F75-6E297B6A14D7}.Release|x86.Build.0 = Release|Win32
		{618B474A-98B3-43B2-8D06-4F8B4D3685DC}.Debug|x64.ActiveCfg = Debug|x64
		{618B474A-98B3-43B2-8D06-4F8B4D3685DC}.Debug|x64.Build.0 = Debug|x64
		{618B474A-98B3-43B2-8D06-4F8B4D3685DC}.Debug|x86.ActiveCfg = Debug|Win32
		{618B474A-98B3-43B2-8D06-4F8B4D3685DC}.Debug|x86.Build.0 = Debug|Win32
		{618B474A-98B3-43B2-8D06-4F8B4D3685DC}.Release|x64.ActiveCfg = Release|x64
		{618B474A-98B3-43B2-8D06-4F8B4D3685DC}.Release|x64.Build.0 = Release|x64
		{618B474A-98B3-43B2-8D06-4F8B4D3685DC}.Release|x86.ActiveCfg = Release|Win32
		{618B474A-98B3-43B2-8D06-4F8B4D3685DC}.Release|x86.Build.0 = Release|Win32
		{F045357B-0C85-4543-BC87-E06948D6CE7D}.Debug|x64.ActiveCfg = Debug|x64
		{F045357B-0C85-4543-BC87-E06948D6CE7D}.Debug|x64.Build.0 = Debug|x64
		{F045357B-0C85-4543-BC87-E06948D6CE7D}.Debug|x86.ActiveCfg = Debug|Win32
		{F045357B-0C85-4543-BC87-E06948D6CE7D}.Debug|x86.Build.0 = Debug|Win32
		{F045357B-0C85-4543-BC87-E06948D6CE7D}.Release|x64.ActiveCfg = Release|x64
		{F045357B-0C85-4543-BC87-E06948D6CE7D}.Release|x64.Build.0 = Release|x64
		{F045357B-0C85-4543-BC87-E06948D6CE7D}.Release|x86.ActiveCfg = Release|Win32
		{F045357B-0C85-4543-BC87-E06948D6CE7D}.Release|x86.Build.0 = Release|Win32
		{4FAB5374-6C9B-4EA2-B95B-AB03D60F8ED7}.Debug|x64.ActiveCfg = Debug|x64
		{4FAB5374-6C9B-4EA2-B95B-AB03D60F8ED7}.Debug|x64.Build.0 = Debug|x64
		{4FAB5374-6C9B-4EA2-B95B-AB03D60F8ED7}.Debug|x86.ActiveCfg = Debug|Win32
		{4FAB5374-6C9B-4EA2-B95B-AB03D60F8ED7}.Debug|x86.Build.0 = Debug|Win32
		{4FAB5374-6C9B-4EA2-B95B-AB03D60F8ED7}.Release|x64.ActiveCfg = Release|x64
		{4FAB5374-6C9B-4EA2-B95B-AB03D60F8ED7}.Release|x64.Build.0 = Release|x64
		{4FAB5374-6C9B-4EA2-B95B-AB03D60F8ED7}.Release|x86.ActiveCfg = Release|Win32
		{4FAB5374-6C9B-4EA2-B95B-AB03D60F8ED7}.Release|x86.Build.0 = Release|Win32
		{1FF2C898-3002-4995-9A01-D18A47DB56BA}.Debug|x64.ActiveCfg = Debug|x64
		{1FF2C898-3002-4995-9A01-D18A47DB56BA}.Debug|x64.Build.0 = Debug|x64
		{1FF2C898-3002-4995-9A01-D18A47DB56BA}.Debug|x86.ActiveCfg = Debug|Win32
		{1FF2C898-3002-4995-9A01-D18A47DB56BA}.Debug|x86.Build.0 = Debug|Win32
		{1FF2C898-3002-4995-9A01-D18A47DB56BA}.Release|x64.ActiveCfg = Release|x64
		{1FF2C898-3002-4995-9A01-D18A47DB56BA}.Release|x64.Build.0 = Release|x64
		{1FF2C898-3002-4995-9A01-D18A47DB56BA}.Release|x86.ActiveCfg = Release|Win32
		{1FF2C898-3002-4995-9A01-D18A47DB56BA}.Release|x86.Build.0 = Release|Win32
		{6B5B1FAD-1393-4A3E-8A9C-E923E19FE90C}.Debug|x64.ActiveCfg = Debug|x64
		{6B5B1FAD-1393-4A3E-8A9C-E923E19FE90C}.Debug|x64.Build.0 = Debug|x64
		{6B5B1FAD-1393-4A3E-8A9C-E923E19FE90C}.Debug|x86.ActiveCfg = Debug|Win32
		{6B5B1FAD-1393-4A3E-8A9C-E923E19FE90C}.Debug|x86.Build.0 = Debug|Win32
		{6B5B1FAD-1393-4A3E-8A9C-E923E19FE90C}.Release|x64.ActiveCfg = Release|x64
		{6B5B1FAD-1393-4A3E-8A9C-E923E19FE90C}.Release|x64.Build.0 = Release|x64
		{6B5B1FAD-1393-4A3E-8A9C-E923E19FE90C}.Release|x86.ActiveCfg = Release|Win32
		{6B5B1FAD-1393-4A3E-8A9C-E923E19FE90C}.Release|x86.Build.0 = Release|Win32
		{7949155E-64E7-4F18-B8E4-D9E59E7322B0}.Debug|x64.ActiveCfg = Debug|x64
		{7949155E-64E7-4F18-B8E4-D9E59E7322B0}.Debug|x64.Build.0 = Debug|x64
		{7949155E-64E7-4F18-B8E4-D9E59E7322B0}.Debug|x86.ActiveCfg = Debug|Win32
		{7949155E-64E7-4F18-B8E4-D9E59E7322B0}.Debug|x86.Build.0 = Debug|Win32
		{7949155E-64E7-4F18-B8E4-D9E59E7322B0}.Release|x64.ActiveCfg = Release|x64
		{7949155E-64E7-4F18-B8E4-D9E59E7322B0}.Release|x64.Build.0 = Release|x64
		{7949155E-64E7-4F18-B8E4-D9E59E7322B0}.Release|x86.ActiveCfg = Release|Win32
		{7949155E-64E7-4F18-B8E4-D9E59E7322B0}.Release|x86.Build.0 = Release|Win32
		{1D508865-C76C-43F6-8C94-C65DE02AAB60}.Debug|x64.ActiveCfg = Debug|x64
		{1D508865-C76C-43F6-8C94-C65DE02AAB60}.Debug|x64.Build.0 = Debug|x64
		{1D508865-C76C-43F6-8C94-C65DE02AAB60}.Debug|x86.ActiveCfg = Debug|Win32
		{1D508865-C76C-43F6-8C94-C65DE02AAB60}.Debug|x86.Build.0 = Debug|Win32
		{1D508865-C76C-43F6-8C94-C65DE02AAB60}.Release|x64.ActiveCfg = Release|x64
		{1D508865-C76C-43F6-8C94-C65DE02AAB60}.Release|x64.Build.0 = Release|x64
		{1D508865-C76C-43F6-8C94-C65DE02AAB60}.Release|x86.ActiveCfg = Release|Win32
		{1D508865-C76C-43F6-8C94-C65DE02AAB60}.Release|x86.Build.0 = Release|Win32
		{48D8EF7D-4AA3-47CB-8423-A47FD3DFE155}.Debug|x64.ActiveCfg = Debug|x64
		{48D8EF7D-4AA3-47CB-8423-A47FD3DFE155}.Debug|x64.Build.0 = Debug|x64
		{48D8EF7D-4AA3-47CB-8423-A47FD3DFE155}.Debug|x86.ActiveCfg = Debug|Win32
		{48D8EF7D-4AA3-47CB-8423-A47FD3DFE155}.Debug|x86.Build.0 = Debug|Win32
		{48D8EF7D-4AA3-47CB-8423-A47FD3DFE155}.Release|x64.ActiveCfg = Release|x64
		{48D8EF7D-4AA3-47CB-8423-A47FD3DFE155}.Release|x64.Build.0 = Release|x64
		{48D8EF7D-4AA3-47CB-8423-A47FD3DFE155}.Release|x86.ActiveCfg = Release|Win32
		{48D8EF7D-4AA3-47CB-8423-A47FD3DFE155}.Release|x86.Build.0 = Release|Win32
		{168BD440-B9A9-430A-AFB9-785A4EBC3CE9}.Debug|x64.ActiveCfg = Debug|x64
		{168BD440-B9A9-430A-AFB9-785A4EBC3CE9}.Debug|x64.Build.0 = Debug|x64
		{168BD440-B9A9-430A-AFB9-785A4EBC3CE9}.Debug|x86.ActiveCfg = Debug|Win32
		{168BD440-B9A9-430A-AFB9-785A4EBC3CE9}.Debug|x86.Build.0 = Debug|Win32
		{168BD440-B9A9-430A-AFB9-785A4EBC3CE9}.Release|x64.ActiveCfg = Release|x64
		{168BD440-B9A9-430A-AFB9-785A4EBC3CE9}.Release|x64.Build.0 = Release|x64
		{168BD440-B9A9-430A-AFB9-785A4EBC3CE9}.Release|x86.ActiveCfg = Release|Win32
		{168BD440-B9A9-430A-AFB9-785A4EBC3CE9}.Release|x86.Build.0 = Release|Win32
		{9D1879BD-1362-4399-B986-088F1DA8F585}.Debug|x64.ActiveCfg = Debug|x64
		{9D1879BD-1362-4399-B986-088F1DA8F585}.Debug|x64.Build.0 = Debug|x64
		{9D1879BD-1362-4399-B986-088F1DA8F585}.Debug|x86.ActiveCfg = Debug|Win32
		{9D1879BD-1362-4399-B986-088F1DA8F585}.Debug|x86.Build.0 = Debug|Win32
		{9D1879BD-1362-4399-B986-088F1DA8F585}.Release|x64.ActiveCfg = Release|x64
		{9D1879BD-1362-4399-B986-088F1DA8F585}.Release|x64.Build.0 = Release|x64
		{9D1879BD-1362-4399-B986-088F1DA8F585}.Release|x86.ActiveCfg = Release|Win32
		{9D1879BD-1362-4399-B986-088F1DA8F585}.Release|x86.Build.0 = Release|Win32
		{A54B6EFB-AAA3-4F79-8432-34D300C7EE1C}.Debug|x64.ActiveCfg = Debug|x64
		{A54B6EFB-AAA3-4F79-8432-34D300C7EE1C}.Debug|x64.Build.0 = Debug|x64
		{A54B6EFB-AAA3-4F79-8432-34D300C7EE1C}.Debug|x86.ActiveCfg = Debug|Win32
		{A54B6EFB-AAA3-4F79-8432-34D300C7EE1C}.Debug|x86.Build.0 = Debug|Win32
		{A54B6EFB-AAA3-4F79-8432-34D300C7EE1C}.Release|x64.ActiveCfg = Release|x64
		{A54B6EFB-AAA3-4F79-8432-34D300C7EE1C}.Release|x64.Build.0 = Release|x64
		{A54B6EFB-AAA3-4F79-8432-34D300C7EE1C}.Release|x86.ActiveCfg = Release|Win32
		{A54B6EFB-AAA3-4F79-8432-34D300C7EE1C}.Release|x86.Build.0 = Release|Win32
		{E2156C26-3FD6-4998-96F8-5FC0B65864D3}.Debug|x64.ActiveCfg = Debug|x64
		{E2156C26-3FD6-4998-96F8-5FC0B65864D3}.Debug|x64.Build.0 = Debug|x64
		{E2156C26-3FD6-4998-96F8-5FC0B65864D3}.Debug|x86.ActiveCfg = Debug|Win32
		{E2156C26-3FD6-4998-96F8-5FC0B65864D3}.Debug|x86.Build.0 = Debug|Win32
		{E2156C26-3FD6-4998-96F8-5FC0B65864D3}.Release|x64.ActiveCfg = Release|x64
		{E2156C26-3FD6-4998-96F8-5FC0B65864D3}.Release|x64.Build.0 = Release|x64
		{E2156C26-3FD6-4998-96F8-5FC0B65864D3}.Release|x86.ActiveCfg = Release|Win32
		{E2156C26-3FD6-4998-96F8-5FC0B65864D3}.Release|x86.Build.0 = Release|Win32
		{33F5FEDF-9B71-4B6A-BD69-89DBC8A3436E}.Debug|x64.ActiveCfg = Debug|x64
		{33F5FEDF-9B71-4B6A-BD69-89DBC8A3436E}.Debug|x64.Build.0 = Debug|x64
		{33F5FEDF-9B71-4B6A-BD69-89DBC8A3436E}.Debug|x86.ActiveCfg = Debug|Win32
		{33F5FEDF-9B71-4B6A-BD69-89DBC8A3436E}.Debug|x86.Build.0 = Debug|Win32
		{33F5FEDF-9B71-4B6A-BD69-89DBC8A3436E}.Release|x64.ActiveCfg = Release|x64
		{33F5FEDF-9B71-4B6A-BD69-89DBC8A3436E}.Release|x64.Build.0 = Release|x64
		{33F5FEDF-9B71-4B6A-BD69-89DBC8A3436E}.Release|x86.ActiveCfg = Release|Win32
		{33F5FEDF-9B71-4B6A-BD69-89DBC8A3436E}.Release|x86.Build.0 = Release|Win32
		{8B4B0BDE-598A-4B58-AB0B-742D3C069258}.Debug|x64.ActiveCfg = Debug|x64
		{8B4B0BDE-598A-4B58-AB0B-742D3C069258}.Debug|x64.Build.0 = Debug|x64
		{8B4B0BDE-598A-4B58-AB0B-742D3C069258}.Debug|x86.ActiveCfg = Debug|Win32
		{8B4B0BDE-598A-4B58-AB0B-742D3C069258}.Debug|x86.Build.0 = Debug|Win32
		{8B4B0BDE-598A-4B58-AB0B-742D3C069258}.Release|x64.ActiveCfg = Release|x64
		{8B4B0BDE-598A-4B58-AB0B-742D3C069258}.Release|x64.Build.0 = Release|x64
		{8B4B0BDE-598A-4B58-AB0B-742D3C069258}.Release|x86.ActiveCfg = Release|Win32
		{8B4B0BDE-598A-4B58-AB0B-742D3C069258}.Release|x86.Build.0 = Release|Win32
		{A074A584-090B-44E0-88EB-778DB44545E2}.Debug|x64.ActiveCfg = Debug|x64
		{A074A584-090B-44E0-88EB-778DB44545E2}.Debug|x64.Build.0 = Debug|x64
		{A074A584-090B-44E0-88EB-778DB44545E2}.Debug|x86.ActiveCfg = Debug|Win32
		{A074A584-090B-44E0-88EB-778DB44545E2}.Debug|x86.Build.0 = Debug|Win32
		{A074A584-090B-44E0-88EB-778DB44545E2}.Release|x64.ActiveCfg = Release|x64
		{A074A584-090B-44E0-88EB-778DB44545E2}.Release|x64.Build.0 = Release|x64
		{A074A584-090B-44E0-88EB-778DB44545E2}.Release|x86.ActiveCfg = Release|Win32
		{A074A584-090B-44E0-88EB-778DB44545E2}.Release|x86.Build.0 = Release|Win32
		{1EBBB6CE-BB81-42DC-A315-E7E9D9CAA48D}.Debug|x64.ActiveCfg = Debug|x64
		{1EBBB6CE-BB81-42DC-A315-E7E9D9CAA48D}.Debug|x64.Build.0 = Debug|x64
		{1EBBB6CE-BB81-42DC-A315-E7E9D9CAA48D}.Debug|x86.ActiveCfg = Debug|Win32
		{1EBBB6CE-BB81-42DC-A315-E7E9D9CAA48D}.Debug|x86.Build.0 = Debug|Win32
		{1EBBB6CE-BB81-42DC-A315-E7E9D9CAA48D}.Release|x64.ActiveCfg = Release|x64
		{1EBBB6CE-BB81-42DC-A315-E7E9D9CAA48D}.Release|x64.Build.0 = Release|x64
		{1EBBB6CE-BB81-42DC-A315-E7E9D9CAA48D}.Release|x86.ActiveCfg = Release|Win32
		{1EBBB6CE-BB81-42DC-A315-E7E9D9CAA48D}.Release|x86.Build.0 = Release|Win32
		{721E1195-6634-4267-AA3E-D17CA7046821}.Debug|x64.ActiveCfg = Debug|x64
		{721E1195-6634-4267-AA3E-D17CA7046821}.Debug|x64.Build.0 = Debug|x64
		{721E1195-6634-4267-AA3E-D17CA7046821}.Debug|x86.ActiveCfg = Debug|Win32
		{721E1195-6634-4267-AA3E-D17CA7046821}.Debug|x86.Build.0 = Debug|Win32
		{721E1195-6634-4267-AA3E-D17CA7046821}.Release|x64.ActiveCfg = Release|x64
		{721E1195-6634-4267-AA3E-D17CA7046821}.Release|x64.Build.0 = Release|x64
		{721E1195-6634-4267-AA3E-D17CA7046821}.Release|x86.ActiveCfg = Release|Win32
		{721E1195-6634-4267-AA3E-D17CA7046821}.Release|x86.Build.0 = Release|Win32
		{83026FF2-3733-41FB-9A73-6C37D5A86975}.Debug|x64.ActiveCfg = Debug|x64
		{83026FF2-3733-41FB-9A73-6C37D5A86975}.Debug|x64.Build.0 = Debug|x64
		{83026FF2-3733-41FB-9A73-6C37D5A86975}.Debug|x86.ActiveCfg = Debug|Win32
		{83026FF2-3733-41FB-9A73-6C37D5A86975}.Debug|x86.Build.0 = Debug|Win32
		{83026FF2-3733-41FB-9A73-6C37D5A86975}.Release|x64.ActiveCfg = Release|x64
		{83026FF2-3733-41FB-9A73-6C37D5A86975}.Release|x64.Build.0 = Release|x64
		{83026FF2-3733-41FB-9A73-6C37D5A86975}.Release|x86.ActiveCfg = Release|Win32
		{83026FF2-3733-41FB-9A73-6C37D5A86975}.Release|x86.Build.0 = Release|Win32
	EndGlobalSection
	GlobalSection(SolutionProperties) = preSolution
		HideSolutionNode = FALSE
	EndGlobalSection
	GlobalSection(ExtensibilityGlobals) = postSolution
		SolutionGuid = {99E60DC3-004D-474C-AE32-9EDE6A62C312}
	EndGlobalSection
EndGlobal
